// !$*UTF8*$!
{
	archiveVersion = 1;
	classes = {
	};
	objectVersion = 55;
	objects = {

/* Begin PBXBuildFile section */
		42E6A579F18926DA5E0C04BE /* Pods_Parse_ChatTests.framework in Frameworks */ = {isa = PBXBuildFile; fileRef = 48175CF64CACA6862AF6C74C /* Pods_Parse_ChatTests.framework */; };
		5C25B95788009155F00BC6ED /* Pods_Parse_Chat.framework in Frameworks */ = {isa = PBXBuildFile; fileRef = EBE4DA9FEDFFA84A17577D6D /* Pods_Parse_Chat.framework */; };
		673013AB7BFADD52CEA398FD /* Pods_Parse_Chat_Parse_ChatUITests.framework in Frameworks */ = {isa = PBXBuildFile; fileRef = A7E3090614E06A25FD474C1E /* Pods_Parse_Chat_Parse_ChatUITests.framework */; };
		6A34C8C3286A0B820047D286 /* AppDelegate.m in Sources */ = {isa = PBXBuildFile; fileRef = 6A34C8C2286A0B820047D286 /* AppDelegate.m */; };
		6A34C8C6286A0B820047D286 /* SceneDelegate.m in Sources */ = {isa = PBXBuildFile; fileRef = 6A34C8C5286A0B820047D286 /* SceneDelegate.m */; };
		6A34C8C9286A0B820047D286 /* ViewController.m in Sources */ = {isa = PBXBuildFile; fileRef = 6A34C8C8286A0B820047D286 /* ViewController.m */; };
		6A34C8CC286A0B820047D286 /* Main.storyboard in Resources */ = {isa = PBXBuildFile; fileRef = 6A34C8CA286A0B820047D286 /* Main.storyboard */; };
		6A34C8CE286A0B830047D286 /* Assets.xcassets in Resources */ = {isa = PBXBuildFile; fileRef = 6A34C8CD286A0B830047D286 /* Assets.xcassets */; };
		6A34C8D1286A0B830047D286 /* LaunchScreen.storyboard in Resources */ = {isa = PBXBuildFile; fileRef = 6A34C8CF286A0B830047D286 /* LaunchScreen.storyboard */; };
		6A34C8D4286A0B830047D286 /* main.m in Sources */ = {isa = PBXBuildFile; fileRef = 6A34C8D3286A0B830047D286 /* main.m */; };
		6A34C8DE286A0B830047D286 /* Parse_ChatTests.m in Sources */ = {isa = PBXBuildFile; fileRef = 6A34C8DD286A0B830047D286 /* Parse_ChatTests.m */; };
		6A34C8E8286A0B830047D286 /* Parse_ChatUITests.m in Sources */ = {isa = PBXBuildFile; fileRef = 6A34C8E7286A0B830047D286 /* Parse_ChatUITests.m */; };
		6A34C8EA286A0B830047D286 /* Parse_ChatUITestsLaunchTests.m in Sources */ = {isa = PBXBuildFile; fileRef = 6A34C8E9286A0B830047D286 /* Parse_ChatUITestsLaunchTests.m */; };
		6A5D1C9A286A12F100B78922 /* LoginView.m in Sources */ = {isa = PBXBuildFile; fileRef = 6A5D1C99286A12F100B78922 /* LoginView.m */; };
		6A5D1C9D286A179500B78922 /* ChatViewController.m in Sources */ = {isa = PBXBuildFile; fileRef = 6A5D1C9C286A179500B78922 /* ChatViewController.m */; };
		6A5D1CA0286A1CB100B78922 /* ChatCell.m in Sources */ = {isa = PBXBuildFile; fileRef = 6A5D1C9F286A1CB100B78922 /* ChatCell.m */; };
/* End PBXBuildFile section */

/* Begin PBXContainerItemProxy section */
		6A34C8DA286A0B830047D286 /* PBXContainerItemProxy */ = {
			isa = PBXContainerItemProxy;
			containerPortal = 6A34C8B6286A0B820047D286 /* Project object */;
			proxyType = 1;
			remoteGlobalIDString = 6A34C8BD286A0B820047D286;
			remoteInfo = "Parse Chat";
		};
		6A34C8E4286A0B830047D286 /* PBXContainerItemProxy */ = {
			isa = PBXContainerItemProxy;
			containerPortal = 6A34C8B6286A0B820047D286 /* Project object */;
			proxyType = 1;
			remoteGlobalIDString = 6A34C8BD286A0B820047D286;
			remoteInfo = "Parse Chat";
		};
/* End PBXContainerItemProxy section */

/* Begin PBXFileReference section */
		1424C04E5E3A9F343D101A3E /* Pods-Parse Chat-Parse ChatUITests.release.xcconfig */ = {isa = PBXFileReference; includeInIndex = 1; lastKnownFileType = text.xcconfig; name = "Pods-Parse Chat-Parse ChatUITests.release.xcconfig"; path = "Target Support Files/Pods-Parse Chat-Parse ChatUITests/Pods-Parse Chat-Parse ChatUITests.release.xcconfig"; sourceTree = "<group>"; };
		3D2CB2E34ACEED3E19E88EEC /* Pods-Parse ChatTests.release.xcconfig */ = {isa = PBXFileReference; includeInIndex = 1; lastKnownFileType = text.xcconfig; name = "Pods-Parse ChatTests.release.xcconfig"; path = "Target Support Files/Pods-Parse ChatTests/Pods-Parse ChatTests.release.xcconfig"; sourceTree = "<group>"; };
		48175CF64CACA6862AF6C74C /* Pods_Parse_ChatTests.framework */ = {isa = PBXFileReference; explicitFileType = wrapper.framework; includeInIndex = 0; path = Pods_Parse_ChatTests.framework; sourceTree = BUILT_PRODUCTS_DIR; };
		556CC00179C63B9C2542A9D2 /* Pods-Parse ChatTests.debug.xcconfig */ = {isa = PBXFileReference; includeInIndex = 1; lastKnownFileType = text.xcconfig; name = "Pods-Parse ChatTests.debug.xcconfig"; path = "Target Support Files/Pods-Parse ChatTests/Pods-Parse ChatTests.debug.xcconfig"; sourceTree = "<group>"; };
		6A34C8BE286A0B820047D286 /* Parse Chat.app */ = {isa = PBXFileReference; explicitFileType = wrapper.application; includeInIndex = 0; path = "Parse Chat.app"; sourceTree = BUILT_PRODUCTS_DIR; };
		6A34C8C1286A0B820047D286 /* AppDelegate.h */ = {isa = PBXFileReference; lastKnownFileType = sourcecode.c.h; path = AppDelegate.h; sourceTree = "<group>"; };
		6A34C8C2286A0B820047D286 /* AppDelegate.m */ = {isa = PBXFileReference; lastKnownFileType = sourcecode.c.objc; path = AppDelegate.m; sourceTree = "<group>"; };
		6A34C8C4286A0B820047D286 /* SceneDelegate.h */ = {isa = PBXFileReference; lastKnownFileType = sourcecode.c.h; path = SceneDelegate.h; sourceTree = "<group>"; };
		6A34C8C5286A0B820047D286 /* SceneDelegate.m */ = {isa = PBXFileReference; lastKnownFileType = sourcecode.c.objc; path = SceneDelegate.m; sourceTree = "<group>"; };
		6A34C8C7286A0B820047D286 /* ViewController.h */ = {isa = PBXFileReference; lastKnownFileType = sourcecode.c.h; path = ViewController.h; sourceTree = "<group>"; };
		6A34C8C8286A0B820047D286 /* ViewController.m */ = {isa = PBXFileReference; lastKnownFileType = sourcecode.c.objc; path = ViewController.m; sourceTree = "<group>"; };
		6A34C8CB286A0B820047D286 /* Base */ = {isa = PBXFileReference; lastKnownFileType = file.storyboard; name = Base; path = Base.lproj/Main.storyboard; sourceTree = "<group>"; };
		6A34C8CD286A0B830047D286 /* Assets.xcassets */ = {isa = PBXFileReference; lastKnownFileType = folder.assetcatalog; path = Assets.xcassets; sourceTree = "<group>"; };
		6A34C8D0286A0B830047D286 /* Base */ = {isa = PBXFileReference; lastKnownFileType = file.storyboard; name = Base; path = Base.lproj/LaunchScreen.storyboard; sourceTree = "<group>"; };
		6A34C8D2286A0B830047D286 /* Info.plist */ = {isa = PBXFileReference; lastKnownFileType = text.plist.xml; path = Info.plist; sourceTree = "<group>"; };
		6A34C8D3286A0B830047D286 /* main.m */ = {isa = PBXFileReference; lastKnownFileType = sourcecode.c.objc; path = main.m; sourceTree = "<group>"; };
		6A34C8D9286A0B830047D286 /* Parse ChatTests.xctest */ = {isa = PBXFileReference; explicitFileType = wrapper.cfbundle; includeInIndex = 0; path = "Parse ChatTests.xctest"; sourceTree = BUILT_PRODUCTS_DIR; };
		6A34C8DD286A0B830047D286 /* Parse_ChatTests.m */ = {isa = PBXFileReference; lastKnownFileType = sourcecode.c.objc; path = Parse_ChatTests.m; sourceTree = "<group>"; };
		6A34C8E3286A0B830047D286 /* Parse ChatUITests.xctest */ = {isa = PBXFileReference; explicitFileType = wrapper.cfbundle; includeInIndex = 0; path = "Parse ChatUITests.xctest"; sourceTree = BUILT_PRODUCTS_DIR; };
		6A34C8E7286A0B830047D286 /* Parse_ChatUITests.m */ = {isa = PBXFileReference; lastKnownFileType = sourcecode.c.objc; path = Parse_ChatUITests.m; sourceTree = "<group>"; };
		6A34C8E9286A0B830047D286 /* Parse_ChatUITestsLaunchTests.m */ = {isa = PBXFileReference; lastKnownFileType = sourcecode.c.objc; path = Parse_ChatUITestsLaunchTests.m; sourceTree = "<group>"; };
		6A5D1C98286A12F100B78922 /* LoginView.h */ = {isa = PBXFileReference; lastKnownFileType = sourcecode.c.h; path = LoginView.h; sourceTree = "<group>"; };
		6A5D1C99286A12F100B78922 /* LoginView.m */ = {isa = PBXFileReference; lastKnownFileType = sourcecode.c.objc; path = LoginView.m; sourceTree = "<group>"; };
		6A5D1C9B286A179500B78922 /* ChatViewController.h */ = {isa = PBXFileReference; lastKnownFileType = sourcecode.c.h; path = ChatViewController.h; sourceTree = "<group>"; };
		6A5D1C9C286A179500B78922 /* ChatViewController.m */ = {isa = PBXFileReference; lastKnownFileType = sourcecode.c.objc; path = ChatViewController.m; sourceTree = "<group>"; };
		6A5D1C9E286A1CB100B78922 /* ChatCell.h */ = {isa = PBXFileReference; lastKnownFileType = sourcecode.c.h; path = ChatCell.h; sourceTree = "<group>"; };
		6A5D1C9F286A1CB100B78922 /* ChatCell.m */ = {isa = PBXFileReference; lastKnownFileType = sourcecode.c.objc; path = ChatCell.m; sourceTree = "<group>"; };
		822F676642BFA646D2B5950B /* Pods-Parse Chat-Parse ChatUITests.debug.xcconfig */ = {isa = PBXFileReference; includeInIndex = 1; lastKnownFileType = text.xcconfig; name = "Pods-Parse Chat-Parse ChatUITests.debug.xcconfig"; path = "Target Support Files/Pods-Parse Chat-Parse ChatUITests/Pods-Parse Chat-Parse ChatUITests.debug.xcconfig"; sourceTree = "<group>"; };
		A7E3090614E06A25FD474C1E /* Pods_Parse_Chat_Parse_ChatUITests.framework */ = {isa = PBXFileReference; explicitFileType = wrapper.framework; includeInIndex = 0; path = Pods_Parse_Chat_Parse_ChatUITests.framework; sourceTree = BUILT_PRODUCTS_DIR; };
		D20B5C101C14200C4AFD0FD1 /* Pods-Parse Chat.release.xcconfig */ = {isa = PBXFileReference; includeInIndex = 1; lastKnownFileType = text.xcconfig; name = "Pods-Parse Chat.release.xcconfig"; path = "Target Support Files/Pods-Parse Chat/Pods-Parse Chat.release.xcconfig"; sourceTree = "<group>"; };
		E9F8932EDA9E8D114E1F38C4 /* Pods-Parse Chat.debug.xcconfig */ = {isa = PBXFileReference; includeInIndex = 1; lastKnownFileType = text.xcconfig; name = "Pods-Parse Chat.debug.xcconfig"; path = "Target Support Files/Pods-Parse Chat/Pods-Parse Chat.debug.xcconfig"; sourceTree = "<group>"; };
		EBE4DA9FEDFFA84A17577D6D /* Pods_Parse_Chat.framework */ = {isa = PBXFileReference; explicitFileType = wrapper.framework; includeInIndex = 0; path = Pods_Parse_Chat.framework; sourceTree = BUILT_PRODUCTS_DIR; };
/* End PBXFileReference section */

/* Begin PBXFrameworksBuildPhase section */
		6A34C8BB286A0B820047D286 /* Frameworks */ = {
			isa = PBXFrameworksBuildPhase;
			buildActionMask = 2147483647;
			files = (
				5C25B95788009155F00BC6ED /* Pods_Parse_Chat.framework in Frameworks */,
			);
			runOnlyForDeploymentPostprocessing = 0;
		};
		6A34C8D6286A0B830047D286 /* Frameworks */ = {
			isa = PBXFrameworksBuildPhase;
			buildActionMask = 2147483647;
			files = (
				42E6A579F18926DA5E0C04BE /* Pods_Parse_ChatTests.framework in Frameworks */,
			);
			runOnlyForDeploymentPostprocessing = 0;
		};
		6A34C8E0286A0B830047D286 /* Frameworks */ = {
			isa = PBXFrameworksBuildPhase;
			buildActionMask = 2147483647;
			files = (
				673013AB7BFADD52CEA398FD /* Pods_Parse_Chat_Parse_ChatUITests.framework in Frameworks */,
			);
			runOnlyForDeploymentPostprocessing = 0;
		};
/* End PBXFrameworksBuildPhase section */

/* Begin PBXGroup section */
		3357133E1F9516251231231F /* Frameworks */ = {
			isa = PBXGroup;
			children = (
				EBE4DA9FEDFFA84A17577D6D /* Pods_Parse_Chat.framework */,
				A7E3090614E06A25FD474C1E /* Pods_Parse_Chat_Parse_ChatUITests.framework */,
				48175CF64CACA6862AF6C74C /* Pods_Parse_ChatTests.framework */,
			);
			name = Frameworks;
			sourceTree = "<group>";
		};
		6A34C8B5286A0B820047D286 = {
			isa = PBXGroup;
			children = (
				6A34C8C0286A0B820047D286 /* Parse Chat */,
				6A34C8DC286A0B830047D286 /* Parse ChatTests */,
				6A34C8E6286A0B830047D286 /* Parse ChatUITests */,
				6A34C8BF286A0B820047D286 /* Products */,
				70BE3438E294ACAF3D6E2A96 /* Pods */,
				3357133E1F9516251231231F /* Frameworks */,
			);
			sourceTree = "<group>";
		};
		6A34C8BF286A0B820047D286 /* Products */ = {
			isa = PBXGroup;
			children = (
				6A34C8BE286A0B820047D286 /* Parse Chat.app */,
				6A34C8D9286A0B830047D286 /* Parse ChatTests.xctest */,
				6A34C8E3286A0B830047D286 /* Parse ChatUITests.xctest */,
			);
			name = Products;
			sourceTree = "<group>";
		};
		6A34C8C0286A0B820047D286 /* Parse Chat */ = {
			isa = PBXGroup;
			children = (
				6A34C8C1286A0B820047D286 /* AppDelegate.h */,
				6A34C8C2286A0B820047D286 /* AppDelegate.m */,
				6A34C8C4286A0B820047D286 /* SceneDelegate.h */,
				6A34C8C5286A0B820047D286 /* SceneDelegate.m */,
				6A5D1C98286A12F100B78922 /* LoginView.h */,
				6A5D1C99286A12F100B78922 /* LoginView.m */,
				6A34C8C7286A0B820047D286 /* ViewController.h */,
				6A34C8C8286A0B820047D286 /* ViewController.m */,
				6A34C8CA286A0B820047D286 /* Main.storyboard */,
				6A5D1C9E286A1CB100B78922 /* ChatCell.h */,
				6A5D1C9F286A1CB100B78922 /* ChatCell.m */,
				6A5D1C9B286A179500B78922 /* ChatViewController.h */,
				6A5D1C9C286A179500B78922 /* ChatViewController.m */,
				6A34C8CD286A0B830047D286 /* Assets.xcassets */,
				6A34C8CF286A0B830047D286 /* LaunchScreen.storyboard */,
				6A34C8D2286A0B830047D286 /* Info.plist */,
				6A34C8D3286A0B830047D286 /* main.m */,
			);
			path = "Parse Chat";
			sourceTree = "<group>";
		};
		6A34C8DC286A0B830047D286 /* Parse ChatTests */ = {
			isa = PBXGroup;
			children = (
				6A34C8DD286A0B830047D286 /* Parse_ChatTests.m */,
			);
			path = "Parse ChatTests";
			sourceTree = "<group>";
		};
		6A34C8E6286A0B830047D286 /* Parse ChatUITests */ = {
			isa = PBXGroup;
			children = (
				6A34C8E7286A0B830047D286 /* Parse_ChatUITests.m */,
				6A34C8E9286A0B830047D286 /* Parse_ChatUITestsLaunchTests.m */,
			);
			path = "Parse ChatUITests";
			sourceTree = "<group>";
		};
		70BE3438E294ACAF3D6E2A96 /* Pods */ = {
			isa = PBXGroup;
			children = (
				E9F8932EDA9E8D114E1F38C4 /* Pods-Parse Chat.debug.xcconfig */,
				D20B5C101C14200C4AFD0FD1 /* Pods-Parse Chat.release.xcconfig */,
				822F676642BFA646D2B5950B /* Pods-Parse Chat-Parse ChatUITests.debug.xcconfig */,
				1424C04E5E3A9F343D101A3E /* Pods-Parse Chat-Parse ChatUITests.release.xcconfig */,
				556CC00179C63B9C2542A9D2 /* Pods-Parse ChatTests.debug.xcconfig */,
				3D2CB2E34ACEED3E19E88EEC /* Pods-Parse ChatTests.release.xcconfig */,
			);
			path = Pods;
			sourceTree = "<group>";
		};
/* End PBXGroup section */

/* Begin PBXNativeTarget section */
		6A34C8BD286A0B820047D286 /* Parse Chat */ = {
			isa = PBXNativeTarget;
			buildConfigurationList = 6A34C8ED286A0B830047D286 /* Build configuration list for PBXNativeTarget "Parse Chat" */;
			buildPhases = (
				78EBE4C0A5252A5F2E85F3E3 /* [CP] Check Pods Manifest.lock */,
				6A34C8BA286A0B820047D286 /* Sources */,
				6A34C8BB286A0B820047D286 /* Frameworks */,
				6A34C8BC286A0B820047D286 /* Resources */,
				86B6D00EDAD87E8DA50F74AB /* [CP] Embed Pods Frameworks */,
			);
			buildRules = (
			);
			dependencies = (
			);
			name = "Parse Chat";
			productName = "Parse Chat";
			productReference = 6A34C8BE286A0B820047D286 /* Parse Chat.app */;
			productType = "com.apple.product-type.application";
		};
		6A34C8D8286A0B830047D286 /* Parse ChatTests */ = {
			isa = PBXNativeTarget;
			buildConfigurationList = 6A34C8F0286A0B830047D286 /* Build configuration list for PBXNativeTarget "Parse ChatTests" */;
			buildPhases = (
				4BA2A00E053E86F96AB67C44 /* [CP] Check Pods Manifest.lock */,
				6A34C8D5286A0B830047D286 /* Sources */,
				6A34C8D6286A0B830047D286 /* Frameworks */,
				6A34C8D7286A0B830047D286 /* Resources */,
			);
			buildRules = (
			);
			dependencies = (
				6A34C8DB286A0B830047D286 /* PBXTargetDependency */,
			);
			name = "Parse ChatTests";
			productName = "Parse ChatTests";
			productReference = 6A34C8D9286A0B830047D286 /* Parse ChatTests.xctest */;
			productType = "com.apple.product-type.bundle.unit-test";
		};
		6A34C8E2286A0B830047D286 /* Parse ChatUITests */ = {
			isa = PBXNativeTarget;
			buildConfigurationList = 6A34C8F3286A0B830047D286 /* Build configuration list for PBXNativeTarget "Parse ChatUITests" */;
			buildPhases = (
				0A854E506460863F08771147 /* [CP] Check Pods Manifest.lock */,
				6A34C8DF286A0B830047D286 /* Sources */,
				6A34C8E0286A0B830047D286 /* Frameworks */,
				6A34C8E1286A0B830047D286 /* Resources */,
				5BB218E06B3B9EABE555459A /* [CP] Embed Pods Frameworks */,
			);
			buildRules = (
			);
			dependencies = (
				6A34C8E5286A0B830047D286 /* PBXTargetDependency */,
			);
			name = "Parse ChatUITests";
			productName = "Parse ChatUITests";
			productReference = 6A34C8E3286A0B830047D286 /* Parse ChatUITests.xctest */;
			productType = "com.apple.product-type.bundle.ui-testing";
		};
/* End PBXNativeTarget section */

/* Begin PBXProject section */
		6A34C8B6286A0B820047D286 /* Project object */ = {
			isa = PBXProject;
			attributes = {
				BuildIndependentTargetsInParallel = 1;
				LastUpgradeCheck = 1340;
				TargetAttributes = {
					6A34C8BD286A0B820047D286 = {
						CreatedOnToolsVersion = 13.4.1;
					};
					6A34C8D8286A0B830047D286 = {
						CreatedOnToolsVersion = 13.4.1;
						TestTargetID = 6A34C8BD286A0B820047D286;
					};
					6A34C8E2286A0B830047D286 = {
						CreatedOnToolsVersion = 13.4.1;
						TestTargetID = 6A34C8BD286A0B820047D286;
					};
				};
			};
			buildConfigurationList = 6A34C8B9286A0B820047D286 /* Build configuration list for PBXProject "Parse Chat" */;
			compatibilityVersion = "Xcode 13.0";
			developmentRegion = en;
			hasScannedForEncodings = 0;
			knownRegions = (
				en,
				Base,
			);
			mainGroup = 6A34C8B5286A0B820047D286;
			productRefGroup = 6A34C8BF286A0B820047D286 /* Products */;
			projectDirPath = "";
			projectRoot = "";
			targets = (
				6A34C8BD286A0B820047D286 /* Parse Chat */,
				6A34C8D8286A0B830047D286 /* Parse ChatTests */,
				6A34C8E2286A0B830047D286 /* Parse ChatUITests */,
			);
		};
/* End PBXProject section */

/* Begin PBXResourcesBuildPhase section */
		6A34C8BC286A0B820047D286 /* Resources */ = {
			isa = PBXResourcesBuildPhase;
			buildActionMask = 2147483647;
			files = (
				6A34C8D1286A0B830047D286 /* LaunchScreen.storyboard in Resources */,
				6A34C8CE286A0B830047D286 /* Assets.xcassets in Resources */,
				6A34C8CC286A0B820047D286 /* Main.storyboard in Resources */,
			);
			runOnlyForDeploymentPostprocessing = 0;
		};
		6A34C8D7286A0B830047D286 /* Resources */ = {
			isa = PBXResourcesBuildPhase;
			buildActionMask = 2147483647;
			files = (
			);
			runOnlyForDeploymentPostprocessing = 0;
		};
		6A34C8E1286A0B830047D286 /* Resources */ = {
			isa = PBXResourcesBuildPhase;
			buildActionMask = 2147483647;
			files = (
			);
			runOnlyForDeploymentPostprocessing = 0;
		};
/* End PBXResourcesBuildPhase section */

/* Begin PBXShellScriptBuildPhase section */
		0A854E506460863F08771147 /* [CP] Check Pods Manifest.lock */ = {
			isa = PBXShellScriptBuildPhase;
			buildActionMask = 2147483647;
			files = (
			);
			inputFileListPaths = (
			);
			inputPaths = (
				"${PODS_PODFILE_DIR_PATH}/Podfile.lock",
				"${PODS_ROOT}/Manifest.lock",
			);
			name = "[CP] Check Pods Manifest.lock";
			outputFileListPaths = (
			);
			outputPaths = (
				"$(DERIVED_FILE_DIR)/Pods-Parse Chat-Parse ChatUITests-checkManifestLockResult.txt",
			);
			runOnlyForDeploymentPostprocessing = 0;
			shellPath = /bin/sh;
			shellScript = "diff \"${PODS_PODFILE_DIR_PATH}/Podfile.lock\" \"${PODS_ROOT}/Manifest.lock\" > /dev/null\nif [ $? != 0 ] ; then\n    # print error to STDERR\n    echo \"error: The sandbox is not in sync with the Podfile.lock. Run 'pod install' or update your CocoaPods installation.\" >&2\n    exit 1\nfi\n# This output is used by Xcode 'outputs' to avoid re-running this script phase.\necho \"SUCCESS\" > \"${SCRIPT_OUTPUT_FILE_0}\"\n";
			showEnvVarsInLog = 0;
		};
		4BA2A00E053E86F96AB67C44 /* [CP] Check Pods Manifest.lock */ = {
			isa = PBXShellScriptBuildPhase;
			buildActionMask = 2147483647;
			files = (
			);
			inputFileListPaths = (
			);
			inputPaths = (
				"${PODS_PODFILE_DIR_PATH}/Podfile.lock",
				"${PODS_ROOT}/Manifest.lock",
			);
			name = "[CP] Check Pods Manifest.lock";
			outputFileListPaths = (
			);
			outputPaths = (
				"$(DERIVED_FILE_DIR)/Pods-Parse ChatTests-checkManifestLockResult.txt",
			);
			runOnlyForDeploymentPostprocessing = 0;
			shellPath = /bin/sh;
			shellScript = "diff \"${PODS_PODFILE_DIR_PATH}/Podfile.lock\" \"${PODS_ROOT}/Manifest.lock\" > /dev/null\nif [ $? != 0 ] ; then\n    # print error to STDERR\n    echo \"error: The sandbox is not in sync with the Podfile.lock. Run 'pod install' or update your CocoaPods installation.\" >&2\n    exit 1\nfi\n# This output is used by Xcode 'outputs' to avoid re-running this script phase.\necho \"SUCCESS\" > \"${SCRIPT_OUTPUT_FILE_0}\"\n";
			showEnvVarsInLog = 0;
		};
		5BB218E06B3B9EABE555459A /* [CP] Embed Pods Frameworks */ = {
			isa = PBXShellScriptBuildPhase;
			buildActionMask = 2147483647;
			files = (
			);
			inputFileListPaths = (
				"${PODS_ROOT}/Target Support Files/Pods-Parse Chat-Parse ChatUITests/Pods-Parse Chat-Parse ChatUITests-frameworks-${CONFIGURATION}-input-files.xcfilelist",
			);
			name = "[CP] Embed Pods Frameworks";
			outputFileListPaths = (
				"${PODS_ROOT}/Target Support Files/Pods-Parse Chat-Parse ChatUITests/Pods-Parse Chat-Parse ChatUITests-frameworks-${CONFIGURATION}-output-files.xcfilelist",
			);
			runOnlyForDeploymentPostprocessing = 0;
			shellPath = /bin/sh;
			shellScript = "\"${PODS_ROOT}/Target Support Files/Pods-Parse Chat-Parse ChatUITests/Pods-Parse Chat-Parse ChatUITests-frameworks.sh\"\n";
			showEnvVarsInLog = 0;
		};
		78EBE4C0A5252A5F2E85F3E3 /* [CP] Check Pods Manifest.lock */ = {
			isa = PBXShellScriptBuildPhase;
			buildActionMask = 2147483647;
			files = (
			);
			inputFileListPaths = (
			);
			inputPaths = (
				"${PODS_PODFILE_DIR_PATH}/Podfile.lock",
				"${PODS_ROOT}/Manifest.lock",
			);
			name = "[CP] Check Pods Manifest.lock";
			outputFileListPaths = (
			);
			outputPaths = (
				"$(DERIVED_FILE_DIR)/Pods-Parse Chat-checkManifestLockResult.txt",
			);
			runOnlyForDeploymentPostprocessing = 0;
			shellPath = /bin/sh;
			shellScript = "diff \"${PODS_PODFILE_DIR_PATH}/Podfile.lock\" \"${PODS_ROOT}/Manifest.lock\" > /dev/null\nif [ $? != 0 ] ; then\n    # print error to STDERR\n    echo \"error: The sandbox is not in sync with the Podfile.lock. Run 'pod install' or update your CocoaPods installation.\" >&2\n    exit 1\nfi\n# This output is used by Xcode 'outputs' to avoid re-running this script phase.\necho \"SUCCESS\" > \"${SCRIPT_OUTPUT_FILE_0}\"\n";
			showEnvVarsInLog = 0;
		};
		86B6D00EDAD87E8DA50F74AB /* [CP] Embed Pods Frameworks */ = {
			isa = PBXShellScriptBuildPhase;
			buildActionMask = 2147483647;
			files = (
			);
			inputFileListPaths = (
				"${PODS_ROOT}/Target Support Files/Pods-Parse Chat/Pods-Parse Chat-frameworks-${CONFIGURATION}-input-files.xcfilelist",
			);
			name = "[CP] Embed Pods Frameworks";
			outputFileListPaths = (
				"${PODS_ROOT}/Target Support Files/Pods-Parse Chat/Pods-Parse Chat-frameworks-${CONFIGURATION}-output-files.xcfilelist",
			);
			runOnlyForDeploymentPostprocessing = 0;
			shellPath = /bin/sh;
			shellScript = "\"${PODS_ROOT}/Target Support Files/Pods-Parse Chat/Pods-Parse Chat-frameworks.sh\"\n";
			showEnvVarsInLog = 0;
		};
/* End PBXShellScriptBuildPhase section */

/* Begin PBXSourcesBuildPhase section */
		6A34C8BA286A0B820047D286 /* Sources */ = {
			isa = PBXSourcesBuildPhase;
			buildActionMask = 2147483647;
			files = (
				6A34C8C9286A0B820047D286 /* ViewController.m in Sources */,
				6A5D1CA0286A1CB100B78922 /* ChatCell.m in Sources */,
				6A34C8C3286A0B820047D286 /* AppDelegate.m in Sources */,
				6A5D1C9D286A179500B78922 /* ChatViewController.m in Sources */,
				6A34C8D4286A0B830047D286 /* main.m in Sources */,
				6A5D1C9A286A12F100B78922 /* LoginView.m in Sources */,
				6A34C8C6286A0B820047D286 /* SceneDelegate.m in Sources */,
			);
			runOnlyForDeploymentPostprocessing = 0;
		};
		6A34C8D5286A0B830047D286 /* Sources */ = {
			isa = PBXSourcesBuildPhase;
			buildActionMask = 2147483647;
			files = (
				6A34C8DE286A0B830047D286 /* Parse_ChatTests.m in Sources */,
			);
			runOnlyForDeploymentPostprocessing = 0;
		};
		6A34C8DF286A0B830047D286 /* Sources */ = {
			isa = PBXSourcesBuildPhase;
			buildActionMask = 2147483647;
			files = (
				6A34C8EA286A0B830047D286 /* Parse_ChatUITestsLaunchTests.m in Sources */,
				6A34C8E8286A0B830047D286 /* Parse_ChatUITests.m in Sources */,
			);
			runOnlyForDeploymentPostprocessing = 0;
		};
/* End PBXSourcesBuildPhase section */

/* Begin PBXTargetDependency section */
		6A34C8DB286A0B830047D286 /* PBXTargetDependency */ = {
			isa = PBXTargetDependency;
			target = 6A34C8BD286A0B820047D286 /* Parse Chat */;
			targetProxy = 6A34C8DA286A0B830047D286 /* PBXContainerItemProxy */;
		};
		6A34C8E5286A0B830047D286 /* PBXTargetDependency */ = {
			isa = PBXTargetDependency;
			target = 6A34C8BD286A0B820047D286 /* Parse Chat */;
			targetProxy = 6A34C8E4286A0B830047D286 /* PBXContainerItemProxy */;
		};
/* End PBXTargetDependency section */

/* Begin PBXVariantGroup section */
		6A34C8CA286A0B820047D286 /* Main.storyboard */ = {
			isa = PBXVariantGroup;
			children = (
				6A34C8CB286A0B820047D286 /* Base */,
			);
			name = Main.storyboard;
			sourceTree = "<group>";
		};
		6A34C8CF286A0B830047D286 /* LaunchScreen.storyboard */ = {
			isa = PBXVariantGroup;
			children = (
				6A34C8D0286A0B830047D286 /* Base */,
			);
			name = LaunchScreen.storyboard;
			sourceTree = "<group>";
		};
/* End PBXVariantGroup section */

/* Begin XCBuildConfiguration section */
		6A34C8EB286A0B830047D286 /* Debug */ = {
			isa = XCBuildConfiguration;
			buildSettings = {
				ALWAYS_SEARCH_USER_PATHS = NO;
				CLANG_ANALYZER_NONNULL = YES;
				CLANG_ANALYZER_NUMBER_OBJECT_CONVERSION = YES_AGGRESSIVE;
				CLANG_CXX_LANGUAGE_STANDARD = "gnu++17";
				CLANG_ENABLE_MODULES = YES;
				CLANG_ENABLE_OBJC_ARC = YES;
				CLANG_ENABLE_OBJC_WEAK = YES;
				CLANG_WARN_BLOCK_CAPTURE_AUTORELEASING = YES;
				CLANG_WARN_BOOL_CONVERSION = YES;
				CLANG_WARN_COMMA = YES;
				CLANG_WARN_CONSTANT_CONVERSION = YES;
				CLANG_WARN_DEPRECATED_OBJC_IMPLEMENTATIONS = YES;
				CLANG_WARN_DIRECT_OBJC_ISA_USAGE = YES_ERROR;
				CLANG_WARN_DOCUMENTATION_COMMENTS = YES;
				CLANG_WARN_EMPTY_BODY = YES;
				CLANG_WARN_ENUM_CONVERSION = YES;
				CLANG_WARN_INFINITE_RECURSION = YES;
				CLANG_WARN_INT_CONVERSION = YES;
				CLANG_WARN_NON_LITERAL_NULL_CONVERSION = YES;
				CLANG_WARN_OBJC_IMPLICIT_RETAIN_SELF = YES;
				CLANG_WARN_OBJC_LITERAL_CONVERSION = YES;
				CLANG_WARN_OBJC_ROOT_CLASS = YES_ERROR;
				CLANG_WARN_QUOTED_INCLUDE_IN_FRAMEWORK_HEADER = YES;
				CLANG_WARN_RANGE_LOOP_ANALYSIS = YES;
				CLANG_WARN_STRICT_PROTOTYPES = YES;
				CLANG_WARN_SUSPICIOUS_MOVE = YES;
				CLANG_WARN_UNGUARDED_AVAILABILITY = YES_AGGRESSIVE;
				CLANG_WARN_UNREACHABLE_CODE = YES;
				CLANG_WARN__DUPLICATE_METHOD_MATCH = YES;
				COPY_PHASE_STRIP = NO;
				DEBUG_INFORMATION_FORMAT = dwarf;
				ENABLE_STRICT_OBJC_MSGSEND = YES;
				ENABLE_TESTABILITY = YES;
				GCC_C_LANGUAGE_STANDARD = gnu11;
				GCC_DYNAMIC_NO_PIC = NO;
				GCC_NO_COMMON_BLOCKS = YES;
				GCC_OPTIMIZATION_LEVEL = 0;
				GCC_PREPROCESSOR_DEFINITIONS = (
					"DEBUG=1",
					"$(inherited)",
				);
				GCC_WARN_64_TO_32_BIT_CONVERSION = YES;
				GCC_WARN_ABOUT_RETURN_TYPE = YES_ERROR;
				GCC_WARN_UNDECLARED_SELECTOR = YES;
				GCC_WARN_UNINITIALIZED_AUTOS = YES_AGGRESSIVE;
				GCC_WARN_UNUSED_FUNCTION = YES;
				GCC_WARN_UNUSED_VARIABLE = YES;
				IPHONEOS_DEPLOYMENT_TARGET = 15.5;
				MTL_ENABLE_DEBUG_INFO = INCLUDE_SOURCE;
				MTL_FAST_MATH = YES;
				ONLY_ACTIVE_ARCH = YES;
				SDKROOT = iphoneos;
			};
			name = Debug;
		};
		6A34C8EC286A0B830047D286 /* Release */ = {
			isa = XCBuildConfiguration;
			buildSettings = {
				ALWAYS_SEARCH_USER_PATHS = NO;
				CLANG_ANALYZER_NONNULL = YES;
				CLANG_ANALYZER_NUMBER_OBJECT_CONVERSION = YES_AGGRESSIVE;
				CLANG_CXX_LANGUAGE_STANDARD = "gnu++17";
				CLANG_ENABLE_MODULES = YES;
				CLANG_ENABLE_OBJC_ARC = YES;
				CLANG_ENABLE_OBJC_WEAK = YES;
				CLANG_WARN_BLOCK_CAPTURE_AUTORELEASING = YES;
				CLANG_WARN_BOOL_CONVERSION = YES;
				CLANG_WARN_COMMA = YES;
				CLANG_WARN_CONSTANT_CONVERSION = YES;
				CLANG_WARN_DEPRECATED_OBJC_IMPLEMENTATIONS = YES;
				CLANG_WARN_DIRECT_OBJC_ISA_USAGE = YES_ERROR;
				CLANG_WARN_DOCUMENTATION_COMMENTS = YES;
				CLANG_WARN_EMPTY_BODY = YES;
				CLANG_WARN_ENUM_CONVERSION = YES;
				CLANG_WARN_INFINITE_RECURSION = YES;
				CLANG_WARN_INT_CONVERSION = YES;
				CLANG_WARN_NON_LITERAL_NULL_CONVERSION = YES;
				CLANG_WARN_OBJC_IMPLICIT_RETAIN_SELF = YES;
				CLANG_WARN_OBJC_LITERAL_CONVERSION = YES;
				CLANG_WARN_OBJC_ROOT_CLASS = YES_ERROR;
				CLANG_WARN_QUOTED_INCLUDE_IN_FRAMEWORK_HEADER = YES;
				CLANG_WARN_RANGE_LOOP_ANALYSIS = YES;
				CLANG_WARN_STRICT_PROTOTYPES = YES;
				CLANG_WARN_SUSPICIOUS_MOVE = YES;
				CLANG_WARN_UNGUARDED_AVAILABILITY = YES_AGGRESSIVE;
				CLANG_WARN_UNREACHABLE_CODE = YES;
				CLANG_WARN__DUPLICATE_METHOD_MATCH = YES;
				COPY_PHASE_STRIP = NO;
				DEBUG_INFORMATION_FORMAT = "dwarf-with-dsym";
				ENABLE_NS_ASSERTIONS = NO;
				ENABLE_STRICT_OBJC_MSGSEND = YES;
				GCC_C_LANGUAGE_STANDARD = gnu11;
				GCC_NO_COMMON_BLOCKS = YES;
				GCC_WARN_64_TO_32_BIT_CONVERSION = YES;
				GCC_WARN_ABOUT_RETURN_TYPE = YES_ERROR;
				GCC_WARN_UNDECLARED_SELECTOR = YES;
				GCC_WARN_UNINITIALIZED_AUTOS = YES_AGGRESSIVE;
				GCC_WARN_UNUSED_FUNCTION = YES;
				GCC_WARN_UNUSED_VARIABLE = YES;
				IPHONEOS_DEPLOYMENT_TARGET = 15.5;
				MTL_ENABLE_DEBUG_INFO = NO;
				MTL_FAST_MATH = YES;
				SDKROOT = iphoneos;
				VALIDATE_PRODUCT = YES;
			};
			name = Release;
		};
		6A34C8EE286A0B830047D286 /* Debug */ = {
			isa = XCBuildConfiguration;
			baseConfigurationReference = E9F8932EDA9E8D114E1F38C4 /* Pods-Parse Chat.debug.xcconfig */;
			buildSettings = {
				ASSETCATALOG_COMPILER_APPICON_NAME = AppIcon;
				ASSETCATALOG_COMPILER_GLOBAL_ACCENT_COLOR_NAME = AccentColor;
				CODE_SIGN_STYLE = Automatic;
				CURRENT_PROJECT_VERSION = 1;
				GENERATE_INFOPLIST_FILE = YES;
				INFOPLIST_FILE = "Parse Chat/Info.plist";
				INFOPLIST_KEY_UIApplicationSupportsIndirectInputEvents = YES;
				INFOPLIST_KEY_UILaunchStoryboardName = LaunchScreen;
				INFOPLIST_KEY_UIMainStoryboardFile = Main;
				INFOPLIST_KEY_UISupportedInterfaceOrientations_iPad = "UIInterfaceOrientationPortrait UIInterfaceOrientationPortraitUpsideDown UIInterfaceOrientationLandscapeLeft UIInterfaceOrientationLandscapeRight";
				INFOPLIST_KEY_UISupportedInterfaceOrientations_iPhone = "UIInterfaceOrientationPortrait UIInterfaceOrientationLandscapeLeft UIInterfaceOrientationLandscapeRight";
				LD_RUNPATH_SEARCH_PATHS = (
					"$(inherited)",
					"@executable_path/Frameworks",
				);
				MARKETING_VERSION = 1.0;
				PRODUCT_BUNDLE_IDENTIFIER = "com.uniquename.Parse-Chat";
				PRODUCT_NAME = "$(TARGET_NAME)";
				SWIFT_EMIT_LOC_STRINGS = YES;
				TARGETED_DEVICE_FAMILY = "1,2";
			};
			name = Debug;
		};
		6A34C8EF286A0B830047D286 /* Release */ = {
			isa = XCBuildConfiguration;
			baseConfigurationReference = D20B5C101C14200C4AFD0FD1 /* Pods-Parse Chat.release.xcconfig */;
			buildSettings = {
				ASSETCATALOG_COMPILER_APPICON_NAME = AppIcon;
				ASSETCATALOG_COMPILER_GLOBAL_ACCENT_COLOR_NAME = AccentColor;
				CODE_SIGN_STYLE = Automatic;
				CURRENT_PROJECT_VERSION = 1;
				GENERATE_INFOPLIST_FILE = YES;
				INFOPLIST_FILE = "Parse Chat/Info.plist";
				INFOPLIST_KEY_UIApplicationSupportsIndirectInputEvents = YES;
				INFOPLIST_KEY_UILaunchStoryboardName = LaunchScreen;
				INFOPLIST_KEY_UIMainStoryboardFile = Main;
				INFOPLIST_KEY_UISupportedInterfaceOrientations_iPad = "UIInterfaceOrientationPortrait UIInterfaceOrientationPortraitUpsideDown UIInterfaceOrientationLandscapeLeft UIInterfaceOrientationLandscapeRight";
				INFOPLIST_KEY_UISupportedInterfaceOrientations_iPhone = "UIInterfaceOrientationPortrait UIInterfaceOrientationLandscapeLeft UIInterfaceOrientationLandscapeRight";
				LD_RUNPATH_SEARCH_PATHS = (
					"$(inherited)",
					"@executable_path/Frameworks",
				);
				MARKETING_VERSION = 1.0;
				PRODUCT_BUNDLE_IDENTIFIER = "com.uniquename.Parse-Chat";
				PRODUCT_NAME = "$(TARGET_NAME)";
				SWIFT_EMIT_LOC_STRINGS = YES;
				TARGETED_DEVICE_FAMILY = "1,2";
			};
			name = Release;
		};
		6A34C8F1286A0B830047D286 /* Debug */ = {
			isa = XCBuildConfiguration;
			baseConfigurationReference = 556CC00179C63B9C2542A9D2 /* Pods-Parse ChatTests.debug.xcconfig */;
			buildSettings = {
				BUNDLE_LOADER = "$(TEST_HOST)";
				CODE_SIGN_STYLE = Automatic;
				CURRENT_PROJECT_VERSION = 1;
				GENERATE_INFOPLIST_FILE = YES;
				IPHONEOS_DEPLOYMENT_TARGET = 15.5;
				MARKETING_VERSION = 1.0;
				PRODUCT_BUNDLE_IDENTIFIER = "com.uniquename.Parse-ChatTests";
				PRODUCT_NAME = "$(TARGET_NAME)";
				SWIFT_EMIT_LOC_STRINGS = NO;
				TARGETED_DEVICE_FAMILY = "1,2";
				TEST_HOST = "$(BUILT_PRODUCTS_DIR)/Parse Chat.app/Parse Chat";
			};
			name = Debug;
		};
		6A34C8F2286A0B830047D286 /* Release */ = {
			isa = XCBuildConfiguration;
			baseConfigurationReference = 3D2CB2E34ACEED3E19E88EEC /* Pods-Parse ChatTests.release.xcconfig */;
			buildSettings = {
				BUNDLE_LOADER = "$(TEST_HOST)";
				CODE_SIGN_STYLE = Automatic;
				CURRENT_PROJECT_VERSION = 1;
				GENERATE_INFOPLIST_FILE = YES;
				IPHONEOS_DEPLOYMENT_TARGET = 15.5;
				MARKETING_VERSION = 1.0;
				PRODUCT_BUNDLE_IDENTIFIER = "com.uniquename.Parse-ChatTests";
				PRODUCT_NAME = "$(TARGET_NAME)";
				SWIFT_EMIT_LOC_STRINGS = NO;
				TARGETED_DEVICE_FAMILY = "1,2";
				TEST_HOST = "$(BUILT_PRODUCTS_DIR)/Parse Chat.app/Parse Chat";
			};
			name = Release;
		};
		6A34C8F4286A0B830047D286 /* Debug */ = {
			isa = XCBuildConfiguration;
			baseConfigurationReference = 822F676642BFA646D2B5950B /* Pods-Parse Chat-Parse ChatUITests.debug.xcconfig */;
			buildSettings = {
				CODE_SIGN_STYLE = Automatic;
				CURRENT_PROJECT_VERSION = 1;
				GENERATE_INFOPLIST_FILE = YES;
				MARKETING_VERSION = 1.0;
				PRODUCT_BUNDLE_IDENTIFIER = "com.uniquename.Parse-ChatUITests";
				PRODUCT_NAME = "$(TARGET_NAME)";
				SWIFT_EMIT_LOC_STRINGS = NO;
				TARGETED_DEVICE_FAMILY = "1,2";
				TEST_TARGET_NAME = "Parse Chat";
			};
			name = Debug;
		};
		6A34C8F5286A0B830047D286 /* Release */ = {
			isa = XCBuildConfiguration;
			baseConfigurationReference = 1424C04E5E3A9F343D101A3E /* Pods-Parse Chat-Parse ChatUITests.release.xcconfig */;
			buildSettings = {
				CODE_SIGN_STYLE = Automatic;
				CURRENT_PROJECT_VERSION = 1;
				GENERATE_INFOPLIST_FILE = YES;
				MARKETING_VERSION = 1.0;
				PRODUCT_BUNDLE_IDENTIFIER = "com.uniquename.Parse-ChatUITests";
				PRODUCT_NAME = "$(TARGET_NAME)";
				SWIFT_EMIT_LOC_STRINGS = NO;
				TARGETED_DEVICE_FAMILY = "1,2";
				TEST_TARGET_NAME = "Parse Chat";
			};
			name = Release;
		};
/* End XCBuildConfiguration section */

/* Begin XCConfigurationList section */
		6A34C8B9286A0B820047D286 /* Build configuration list for PBXProject "Parse Chat" */ = {
			isa = XCConfigurationList;
			buildConfigurations = (
				6A34C8EB286A0B830047D286 /* Debug */,
				6A34C8EC286A0B830047D286 /* Release */,
			);
			defaultConfigurationIsVisible = 0;
			defaultConfigurationName = Release;
		};
		6A34C8ED286A0B830047D286 /* Build configuration list for PBXNativeTarget "Parse Chat" */ = {
			isa = XCConfigurationList;
			buildConfigurations = (
				6A34C8EE286A0B830047D286 /* Debug */,
				6A34C8EF286A0B830047D286 /* Release */,
			);
			defaultConfigurationIsVisible = 0;
			defaultConfigurationName = Release;
		};
		6A34C8F0286A0B830047D286 /* Build configuration list for PBXNativeTarget "Parse ChatTests" */ = {
			isa = XCConfigurationList;
			buildConfigurations = (
				6A34C8F1286A0B830047D286 /* Debug */,
				6A34C8F2286A0B830047D286 /* Release */,
			);
			defaultConfigurationIsVisible = 0;
			defaultConfigurationName = Release;
		};
		6A34C8F3286A0B830047D286 /* Build configuration list for PBXNativeTarget "Parse ChatUITests" */ = {
			isa = XCConfigurationList;
			buildConfigurations = (
				6A34C8F4286A0B830047D286 /* Debug */,
				6A34C8F5286A0B830047D286 /* Release */,
			);
			defaultConfigurationIsVisible = 0;
			defaultConfigurationName = Release;
		};
/* End XCConfigurationList section */
	};
	rootObject = 6A34C8B6286A0B820047D286 /* Project object */;
}
